
Microsoft Visual Studio Solution File, Format Version 12.00
# Visual Studio Version 17
VisualStudioVersion = 17.3.32811.315
MinimumVisualStudioVersion = 10.0.40219.1
Project("{FAE04EC0-301F-11D3-BF4B-00C04F79EFBC}") = "Identity Authentication", "Identity Authentication\Identity Authentication.csproj", "{FDD9373F-B292-4644-8006-F227152E35B5}"
EndProject
Global
	GlobalSection(SolutionConfigurationPlatforms) = preSolution
		Debug|Any CPU = Debug|Any CPU
		Release|Any CPU = Release|Any CPU
	EndGlobalSection
	GlobalSection(ProjectConfigurationPlatforms) = postSolution
		{FDD9373F-B292-4644-8006-F227152E35B5}.Debug|Any CPU.ActiveCfg = Debug|Any CPU
		{FDD9373F-B292-4644-8006-F227152E35B5}.Debug|Any CPU.Build.0 = Debug|Any CPU
		{FDD9373F-B292-4644-8006-F227152E35B5}.Release|Any CPU.ActiveCfg = Release|Any CPU
		{FDD9373F-B292-4644-8006-F227152E35B5}.Release|Any CPU.Build.0 = Release|Any CPU
	EndGlobalSection
	GlobalSection(SolutionProperties) = preSolution
		HideSolutionNode = FALSE
	EndGlobalSection
	GlobalSection(ExtensibilityGlobals) = postSolution
		SolutionGuid = {5C84B584-A20E-45FC-A432-0A3D88F4EE7E}
	EndGlobalSection
EndGlobal
